
Microsoft Visual Studio Solution File, Format Version 12.00
# Visual Studio Version 17
VisualStudioVersion = 17.14.36109.1 d17.14
MinimumVisualStudioVersion = 10.0.40219.1
Project("{FAE04EC0-301F-11D3-BF4B-00C04F79EFBC}") = "TiktokNarrator", "TiktokNarrator\TiktokNarrator.csproj", "{ABE80597-CAF0-702B-0CE2-52D963204318}"
EndProject
Global
	GlobalSection(SolutionConfigurationPlatforms) = preSolution
		Debug|Any CPU = Debug|Any CPU
		Release|Any CPU = Release|Any CPU
	EndGlobalSection
	GlobalSection(ProjectConfigurationPlatforms) = postSolution
		{ABE80597-CAF0-702B-0CE2-52D963204318}.Debug|Any CPU.ActiveCfg = Debug|Any CPU
		{ABE80597-CAF0-702B-0CE2-52D963204318}.Debug|Any CPU.Build.0 = Debug|Any CPU
		{ABE80597-CAF0-702B-0CE2-52D963204318}.Release|Any CPU.ActiveCfg = Release|Any CPU
		{ABE80597-CAF0-702B-0CE2-52D963204318}.Release|Any CPU.Build.0 = Release|Any CPU
	EndGlobalSection
	GlobalSection(SolutionProperties) = preSolution
		HideSolutionNode = FALSE
	EndGlobalSection
	GlobalSection(ExtensibilityGlobals) = postSolution
		SolutionGuid = {35820613-E839-466D-B7E4-DF952F3753AC}
	EndGlobalSection
EndGlobal
